
Microsoft Visual Studio Solution File, Format Version 12.00
# Visual Studio Version 17
VisualStudioVersion = 17.0.31903.59
MinimumVisualStudioVersion = 10.0.40219.1
Project("{FAE04EC0-301F-11D3-BF4B-00C04F79EFBC}") = "Graphql.Demo", "..\src\Graphql.Demo\Graphql.Demo.csproj", "{AFAE53FB-631C-4AF3-864C-1240EE5FD6B7}"
EndProject
Project("{FAE04EC0-301F-11D3-BF4B-00C04F79EFBC}") = "Core", "..\src\Core\Core.csproj", "{B7A2CC9A-2BFB-4BC0-8A0F-8929A6EBCB83}"
EndProject
Project("{FAE04EC0-301F-11D3-BF4B-00C04F79EFBC}") = "Graphql.Demo.Test", "Graphql.Demo.Test\Graphql.Demo.Test.csproj", "{64BC2C58-C5B0-47E0-B684-455B140AFFD3}"
EndProject
Global
	GlobalSection(SolutionConfigurationPlatforms) = preSolution
		Debug|Any CPU = Debug|Any CPU
		Debug|x64 = Debug|x64
		Debug|x86 = Debug|x86
		Release|Any CPU = Release|Any CPU
		Release|x64 = Release|x64
		Release|x86 = Release|x86
	EndGlobalSection
	GlobalSection(ProjectConfigurationPlatforms) = postSolution
		{AFAE53FB-631C-4AF3-864C-1240EE5FD6B7}.Debug|Any CPU.ActiveCfg = Debug|Any CPU
		{AFAE53FB-631C-4AF3-864C-1240EE5FD6B7}.Debug|Any CPU.Build.0 = Debug|Any CPU
		{AFAE53FB-631C-4AF3-864C-1240EE5FD6B7}.Debug|x64.ActiveCfg = Debug|Any CPU
		{AFAE53FB-631C-4AF3-864C-1240EE5FD6B7}.Debug|x64.Build.0 = Debug|Any CPU
		{AFAE53FB-631C-4AF3-864C-1240EE5FD6B7}.Debug|x86.ActiveCfg = Debug|Any CPU
		{AFAE53FB-631C-4AF3-864C-1240EE5FD6B7}.Debug|x86.Build.0 = Debug|Any CPU
		{AFAE53FB-631C-4AF3-864C-1240EE5FD6B7}.Release|Any CPU.ActiveCfg = Release|Any CPU
		{AFAE53FB-631C-4AF3-864C-1240EE5FD6B7}.Release|Any CPU.Build.0 = Release|Any CPU
		{AFAE53FB-631C-4AF3-864C-1240EE5FD6B7}.Release|x64.ActiveCfg = Release|Any CPU
		{AFAE53FB-631C-4AF3-864C-1240EE5FD6B7}.Release|x64.Build.0 = Release|Any CPU
		{AFAE53FB-631C-4AF3-864C-1240EE5FD6B7}.Release|x86.ActiveCfg = Release|Any CPU
		{AFAE53FB-631C-4AF3-864C-1240EE5FD6B7}.Release|x86.Build.0 = Release|Any CPU
		{B7A2CC9A-2BFB-4BC0-8A0F-8929A6EBCB83}.Debug|Any CPU.ActiveCfg = Debug|Any CPU
		{B7A2CC9A-2BFB-4BC0-8A0F-8929A6EBCB83}.Debug|Any CPU.Build.0 = Debug|Any CPU
		{B7A2CC9A-2BFB-4BC0-8A0F-8929A6EBCB83}.Debug|x64.ActiveCfg = Debug|Any CPU
		{B7A2CC9A-2BFB-4BC0-8A0F-8929A6EBCB83}.Debug|x64.Build.0 = Debug|Any CPU
		{B7A2CC9A-2BFB-4BC0-8A0F-8929A6EBCB83}.Debug|x86.ActiveCfg = Debug|Any CPU
		{B7A2CC9A-2BFB-4BC0-8A0F-8929A6EBCB83}.Debug|x86.Build.0 = Debug|Any CPU
		{B7A2CC9A-2BFB-4BC0-8A0F-8929A6EBCB83}.Release|Any CPU.ActiveCfg = Release|Any CPU
		{B7A2CC9A-2BFB-4BC0-8A0F-8929A6EBCB83}.Release|Any CPU.Build.0 = Release|Any CPU
		{B7A2CC9A-2BFB-4BC0-8A0F-8929A6EBCB83}.Release|x64.ActiveCfg = Release|Any CPU
		{B7A2CC9A-2BFB-4BC0-8A0F-8929A6EBCB83}.Release|x64.Build.0 = Release|Any CPU
		{B7A2CC9A-2BFB-4BC0-8A0F-8929A6EBCB83}.Release|x86.ActiveCfg = Release|Any CPU
		{B7A2CC9A-2BFB-4BC0-8A0F-8929A6EBCB83}.Release|x86.Build.0 = Release|Any CPU
		{64BC2C58-C5B0-47E0-B684-455B140AFFD3}.Debug|Any CPU.ActiveCfg = Debug|Any CPU
		{64BC2C58-C5B0-47E0-B684-455B140AFFD3}.Debug|Any CPU.Build.0 = Debug|Any CPU
		{64BC2C58-C5B0-47E0-B684-455B140AFFD3}.Debug|x64.ActiveCfg = Debug|Any CPU
		{64BC2C58-C5B0-47E0-B684-455B140AFFD3}.Debug|x64.Build.0 = Debug|Any CPU
		{64BC2C58-C5B0-47E0-B684-455B140AFFD3}.Debug|x86.ActiveCfg = Debug|Any CPU
		{64BC2C58-C5B0-47E0-B684-455B140AFFD3}.Debug|x86.Build.0 = Debug|Any CPU
		{64BC2C58-C5B0-47E0-B684-455B140AFFD3}.Release|Any CPU.ActiveCfg = Release|Any CPU
		{64BC2C58-C5B0-47E0-B684-455B140AFFD3}.Release|Any CPU.Build.0 = Release|Any CPU
		{64BC2C58-C5B0-47E0-B684-455B140AFFD3}.Release|x64.ActiveCfg = Release|Any CPU
		{64BC2C58-C5B0-47E0-B684-455B140AFFD3}.Release|x64.Build.0 = Release|Any CPU
		{64BC2C58-C5B0-47E0-B684-455B140AFFD3}.Release|x86.ActiveCfg = Release|Any CPU
		{64BC2C58-C5B0-47E0-B684-455B140AFFD3}.Release|x86.Build.0 = Release|Any CPU
	EndGlobalSection
	GlobalSection(SolutionProperties) = preSolution
		HideSolutionNode = FALSE
	EndGlobalSection
EndGlobal
